
Microsoft Visual Studio Solution File, Format Version 12.00
# Visual Studio 2012
Project("{FAE04EC0-301F-11D3-BF4B-00C04F79EFBC}") = "MP_WService", "MP_WService.csproj", "{4CDEA6D1-EA6F-4A1B-B3BB-47961B6802AD}"
EndProject
Global
	GlobalSection(SolutionConfigurationPlatforms) = preSolution
		Debug|Any CPU = Debug|Any CPU
		Release|Any CPU = Release|Any CPU
	EndGlobalSection
	GlobalSection(ProjectConfigurationPlatforms) = postSolution
		{4CDEA6D1-EA6F-4A1B-B3BB-47961B6802AD}.Debug|Any CPU.ActiveCfg = Debug|Any CPU
		{4CDEA6D1-EA6F-4A1B-B3BB-47961B6802AD}.Debug|Any CPU.Build.0 = Debug|Any CPU
		{4CDEA6D1-EA6F-4A1B-B3BB-47961B6802AD}.Release|Any CPU.ActiveCfg = Release|Any CPU
		{4CDEA6D1-EA6F-4A1B-B3BB-47961B6802AD}.Release|Any CPU.Build.0 = Release|Any CPU
	EndGlobalSection
	GlobalSection(SolutionProperties) = preSolution
		HideSolutionNode = FALSE
	EndGlobalSection
EndGlobal
